{
  "nodes": {
    "auspicious-autosave-nvim": {
      "flake": false,
      "locked": {
        "lastModified": 1783004506,
        "narHash": "sha256-thzOivBlenqOik9mHsie1U5QA069y3K6lQ5vQk9XKBM=",
        "owner": "dkuettel",
        "repo": "auspicious-autosave.nvim",
        "rev": "daffa6e92d1904a54c8b38d44a6599cd07999e9b",
        "type": "github"
      },
      "original": {
        "owner": "dkuettel",
        "repo": "auspicious-autosave.nvim",
        "type": "github"
      }
    },
    "everforest-nvim": {
      "flake": false,
      "locked": {
        "lastModified": 1785144799,
        "narHash": "sha256-+/GahVEA2ensvI/EWCH/tRVbCYUxAKPXmyzZEra8u40=",
        "owner": "neanias",
        "repo": "everforest-nvim",
        "rev": "a0e9edc57379e8feafc6ba207c26dbb12fc1b6d8",
        "type": "github"
      },
      "original": {
        "owner": "neanias",
        "repo": "everforest-nvim",
        "type": "github"
      }
    },
    "flake-utils": {
      "inputs": {
        "systems": "systems"
      },
      "locked": {
        "lastModified": 1731533236,
        "narHash": "sha256-l0KFg5HjrsfsO/JpG+r7fRrqm12kzFHyUHqHCVpMMbI=",
        "owner": "numtide",
        "repo": "flake-utils",
        "rev": "11707dc2f618dd54ca8739b309ec4fc024de578b",
        "type": "github"
      },
      "original": {
        "owner": "numtide",
        "repo": "flake-utils",
        "type": "github"
      }
    },
    "flake-utils_2": {
      "inputs": {
        "systems": "systems_2"
      },
      "locked": {
        "lastModified": 1731533236,
        "narHash": "sha256-l0KFg5HjrsfsO/JpG+r7fRrqm12kzFHyUHqHCVpMMbI=",
        "owner": "numtide",
        "repo": "flake-utils",
        "rev": "11707dc2f618dd54ca8739b309ec4fc024de578b",
        "type": "github"
      },
      "original": {
        "owner": "numtide",
        "repo": "flake-utils",
        "type": "github"
      }
    },
    "flake-utils_3": {
      "inputs": {
        "systems": "systems_3"
      },
      "locked": {
        "lastModified": 1731533236,
        "narHash": "sha256-l0KFg5HjrsfsO/JpG+r7fRrqm12kzFHyUHqHCVpMMbI=",
        "owner": "numtide",
        "repo": "flake-utils",
        "rev": "11707dc2f618dd54ca8739b309ec4fc024de578b",
        "type": "github"
      },
      "original": {
        "owner": "numtide",
        "repo": "flake-utils",
        "type": "github"
      }
    },
    "flake-utils_4": {
      "inputs": {
        "systems": "systems_4"
      },
      "locked": {
        "lastModified": 1731533236,
        "narHash": "sha256-l0KFg5HjrsfsO/JpG+r7fRrqm12kzFHyUHqHCVpMMbI=",
        "owner": "numtide",
        "repo": "flake-utils",
        "rev": "11707dc2f618dd54ca8739b309ec4fc024de578b",
        "type": "github"
      },
      "original": {
        "owner": "numtide",
        "repo": "flake-utils",
        "type": "github"
      }
    },
    "flake-utils_5": {
      "inputs": {
        "systems": "systems_5"
      },
      "locked": {
        "lastModified": 1731533236,
        "narHash": "sha256-l0KFg5HjrsfsO/JpG+r7fRrqm12kzFHyUHqHCVpMMbI=",
        "owner": "numtide",
        "repo": "flake-utils",
        "rev": "11707dc2f618dd54ca8739b309ec4fc024de578b",
        "type": "github"
      },
      "original": {
        "owner": "numtide",
        "repo": "flake-utils",
        "type": "github"
      }
    },
    "fugitive-nvim": {
      "flake": false,
      "locked": {
        "lastModified": 1772910953,
        "narHash": "sha256-vXSOXq3Tj5g0jUwQEZ0RRlon1OEX+jv1dgofUl4QcQg=",
        "owner": "tpope",
        "repo": "vim-fugitive",
        "rev": "3b753cf8c6a4dcde6edee8827d464ba9b8c4a6f0",
        "type": "github"
      },
      "original": {
        "owner": "tpope",
        "repo": "vim-fugitive",
        "type": "github"
      }
    },
    "funky-formatter-nvim": {
      "flake": false,
      "locked": {
        "lastModified": 1786053867,
        "narHash": "sha256-3zcrE+nYS2tW8rkWBW2vaiEoilonAtHnFWaEciNG3LE=",
        "owner": "dkuettel",
        "repo": "funky-formatter.nvim",
        "rev": "cf1abbaad1ec5ab319386fa7ec96b34f7d39bb25",
        "type": "github"
      },
      "original": {
        "owner": "dkuettel",
        "repo": "funky-formatter.nvim",
        "type": "github"
      }
    },
    "home-manager": {
      "inputs": {
        "nixpkgs": [
          "nixpkgs"
        ]
      },
      "locked": {
        "lastModified": 1787797243,
        "narHash": "sha256-8+Q7NOB7RPajRjA4pbCDLzqH+MTjnG9x6LUPLfL2joA=",
        "owner": "nix-community",
        "repo": "home-manager",
        "rev": "99c9ec63390f1d8c14d95d9e8b17cc29cfbd4e11",
        "type": "github"
      },
      "original": {
        "owner": "nix-community",
        "repo": "home-manager",
        "type": "github"
      }
    },
    "hop-nvim": {
      "flake": false,
      "locked": {
        "lastModified": 1786727969,
        "narHash": "sha256-KZY2DbLuM3M8P2Rp6ngbSesmd5uRQBa5nNpWxawOed8=",
        "owner": "smoka7",
        "repo": "hop.nvim",
        "rev": "6e83486f351066e38c3ae9daad2a4f01dfb262ad",
        "type": "github"
      },
      "original": {
        "owner": "smoka7",
        "repo": "hop.nvim",
        "type": "github"
      }
    },
    "iff-dwm": {
      "flake": false,
      "locked": {
        "lastModified": 1761945143,
        "narHash": "sha256-l7wN95jXsRrcXpdIMUKjWvammxDhi3yolyOt7xN8D+I=",
        "owner": "iff",
        "repo": "dwm",
        "rev": "0b326e9c0cc37e53bae133abe8ee2c3f6614e8ff",
        "type": "github"
      },
      "original": {
        "owner": "iff",
        "ref": "nixos",
        "repo": "dwm",
        "type": "github"
      }
    },
    "iff-helix": {
      "inputs": {
        "nixpkgs": "nixpkgs",
        "rust-overlay": "rust-overlay"
      },
      "locked": {
        "lastModified": 1785606543,
        "narHash": "sha256-2/fDK0IhEArLqfBCN5JGkQRGGqFfAKYxIUFP6Pvj3mM=",
        "owner": "iff",
        "repo": "helix",
        "rev": "d428ac29a0cbd22a3e8a03e62ffa13c8d95653b9",
        "type": "github"
      },
      "original": {
        "owner": "iff",
        "ref": "iff",
        "repo": "helix",
        "type": "github"
      }
    },
    "indent-blankline-nvim": {
      "flake": false,
      "locked": {
        "lastModified": 1771288550,
        "narHash": "sha256-Vc79ff416uJFqKH8zlM1y208SxaQGpQPqGVbiz5Vflg=",
        "owner": "lukas-reineke",
        "repo": "indent-blankline.nvim",
        "rev": "d28a3f70721c79e3c5f6693057ae929f3d9c0a03",
        "type": "github"
      },
      "original": {
        "owner": "lukas-reineke",
        "repo": "indent-blankline.nvim",
        "type": "github"
      }
    },
    "lavish-layouts-nvim": {
      "flake": false,
      "locked": {
        "lastModified": 1785150153,
        "narHash": "sha256-5RAta+82lsQX9XABBzgMgXlH/J8XRGoRlyzSyMMcV7g=",
        "owner": "dkuettel",
        "repo": "lavish-layouts.nvim",
        "rev": "83eea7e6060db3bef27924381b9bbe61bb728641",
        "type": "github"
      },
      "original": {
        "owner": "dkuettel",
        "repo": "lavish-layouts.nvim",
        "type": "github"
      }
    },
    "ltstatus": {
      "inputs": {
        "flake-utils": "flake-utils_2",
        "nixpkgs": "nixpkgs_2",
        "pyproject-build-systems": "pyproject-build-systems",
        "pyproject-nix": "pyproject-nix",
        "uv2nix": "uv2nix"
      },
      "locked": {
        "lastModified": 1786053452,
        "narHash": "sha256-jMTA69LZ820FbfWkfDUmcV2hZRZpQY3iP+dWwAwY8/w=",
        "owner": "dkuettel",
        "repo": "ltstatus",
        "rev": "7a87deb8ade0855a1da56a4d7c2ac27b201cada4",
        "type": "github"
      },
      "original": {
        "owner": "dkuettel",
        "ref": "main",
        "repo": "ltstatus",
        "type": "github"
      }
    },
    "mad-mappings-nvim": {
      "flake": false,
      "locked": {
        "lastModified": 1768258795,
        "narHash": "sha256-PE7M8ggcQ5Ln7jLchCIPJIQa1y2nndmqEs5q/jx4McI=",
        "owner": "dkuettel",
        "repo": "mad-mappings.nvim",
        "rev": "8cacd6345d4d8f3de4d245f66af1c61c4b606025",
        "type": "github"
      },
      "original": {
        "owner": "dkuettel",
        "repo": "mad-mappings.nvim",
        "type": "github"
      }
    },
    "nd": {
      "inputs": {
        "flake-utils": "flake-utils_3",
        "nixpkgs": "nixpkgs_3",
        "rust-overlay": "rust-overlay_2"
      },
      "locked": {
        "lastModified": 1787767263,
        "narHash": "sha256-hS4gYGGKNB4PPXVOmP6Lk0/A3ud9KZS5U3FoVKzxp7Y=",
        "owner": "dkuettel",
        "repo": "nd",
        "rev": "2179c6938ca5a0809cbfe6fa88644185903a26f2",
        "type": "github"
      },
      "original": {
        "owner": "dkuettel",
        "ref": "main",
        "repo": "nd",
        "type": "github"
      }
    },
    "nightfox-nvim": {
      "flake": false,
      "locked": {
        "lastModified": 1783177350,
        "narHash": "sha256-LR0VqMMuH3GN6uI2aun7yOFsLxhGASMnFuzMrhPNJ+Q=",
        "owner": "EdenEast",
        "repo": "nightfox.nvim",
        "rev": "4dacd3f0185a2227bdf3b6c0975a8f0bf87cac9a",
        "type": "github"
      },
      "original": {
        "owner": "EdenEast",
        "repo": "nightfox.nvim",
        "type": "github"
      }
    },
    "nihilistic-nvim": {
      "inputs": {
        "auspicious-autosave-nvim": "auspicious-autosave-nvim",
        "everforest-nvim": "everforest-nvim",
        "flake-utils": "flake-utils_4",
        "fugitive-nvim": "fugitive-nvim",
        "funky-formatter-nvim": "funky-formatter-nvim",
        "hop-nvim": "hop-nvim",
        "indent-blankline-nvim": "indent-blankline-nvim",
        "lavish-layouts-nvim": "lavish-layouts-nvim",
        "mad-mappings-nvim": "mad-mappings-nvim",
        "nightfox-nvim": "nightfox-nvim",
        "nixpkgs": [
          "nixpkgs"
        ],
        "nvim-lspconfig": "nvim-lspconfig",
        "nvim-treesitter-textobjects": "nvim-treesitter-textobjects",
        "tree-sitter-lean": "tree-sitter-lean"
      },
      "locked": {
        "lastModified": 1787552582,
        "narHash": "sha256-NzYUYJqXttI3sh2/x8G2zIbZE+PFW1KVsP7LWTpCnlY=",
        "owner": "iff",
        "repo": "nihilistic-nvim",
        "rev": "1e7d119c455d7a8aed095b67a0250d82fcdd623f",
        "type": "github"
      },
      "original": {
        "owner": "iff",
        "repo": "nihilistic-nvim",
        "type": "github"
      }
    },
    "nixpkgs": {
      "locked": {
        "lastModified": 1775036866,
        "narHash": "sha256-ZojAnPuCdy657PbTq5V0Y+AHKhZAIwSIT2cb8UgAz/U=",
        "owner": "nixos",
        "repo": "nixpkgs",
        "rev": "6201e203d09599479a3b3450ed24fa81537ebc4e",
        "type": "github"
      },
      "original": {
        "owner": "nixos",
        "ref": "nixos-unstable",
        "repo": "nixpkgs",
        "type": "github"
      }
    },
    "nixpkgs_2": {
      "locked": {
        "lastModified": 1785989512,
        "narHash": "sha256-HFQhkQcl5D1hUNoen3SGHCSFCt2Bg6uP+HgbrnA3InQ=",
        "owner": "NixOS",
        "repo": "nixpkgs",
        "rev": "445d861c6d31b4af0c79d8d4be2331f762a361d7",
        "type": "github"
      },
      "original": {
        "owner": "nixos",
        "ref": "nixos-26.05",
        "repo": "nixpkgs",
        "type": "github"
      }
    },
    "nixpkgs_3": {
      "locked": {
        "lastModified": 1785989512,
        "narHash": "sha256-HFQhkQcl5D1hUNoen3SGHCSFCt2Bg6uP+HgbrnA3InQ=",
        "owner": "NixOS",
        "repo": "nixpkgs",
        "rev": "445d861c6d31b4af0c79d8d4be2331f762a361d7",
        "type": "github"
      },
      "original": {
        "owner": "nixos",
        "ref": "nixos-26.05",
        "repo": "nixpkgs",
        "type": "github"
      }
    },
    "nixpkgs_4": {
      "locked": {
        "lastModified": 1787814960,
        "narHash": "sha256-PYZq1qzCJXC2zGI0mH07vrZBsw6DRBAOX0jN1pPtqOQ=",
        "owner": "nixos",
        "repo": "nixpkgs",
        "rev": "c27cdad491a991b11ed731760aa2ef8db0cb0410",
        "type": "github"
      },
      "original": {
        "owner": "nixos",
        "ref": "nixpkgs-unstable",
        "repo": "nixpkgs",
        "type": "github"
      }
    },
    "nixpkgs_5": {
      "locked": {
        "lastModified": 1744536153,
        "narHash": "sha256-awS2zRgF4uTwrOKwwiJcByDzDOdo3Q1rPZbiHQg/N38=",
        "owner": "NixOS",
        "repo": "nixpkgs",
        "rev": "18dd725c29603f582cf1900e0d25f9f1063dbf11",
        "type": "github"
      },
      "original": {
        "owner": "NixOS",
        "ref": "nixpkgs-unstable",
        "repo": "nixpkgs",
        "type": "github"
      }
    },
    "nvim-lspconfig": {
      "flake": false,
      "locked": {
        "lastModified": 1787352441,
        "narHash": "sha256-wosaQ2DTbV58hv/ohnSJQG28srpp/Ietv0EQE/P9RwM=",
        "owner": "neovim",
        "repo": "nvim-lspconfig",
        "rev": "221c43884319e791519f0d6c94a7f2fbcd653278",
        "type": "github"
      },
      "original": {
        "owner": "neovim",
        "repo": "nvim-lspconfig",
        "type": "github"
      }
    },
    "nvim-treesitter-textobjects": {
      "flake": false,
      "locked": {
        "lastModified": 1784459145,
        "narHash": "sha256-naZ+p5RrC+uUyFRaksmozDfNgJRifff+9TDWx79DCPk=",
        "owner": "nvim-treesitter",
        "repo": "nvim-treesitter-textobjects",
        "rev": "898ee307df58f854d11cd7edd06472574d48014e",
        "type": "github"
      },
      "original": {
        "owner": "nvim-treesitter",
        "repo": "nvim-treesitter-textobjects",
        "type": "github"
      }
    },
    "osh-oxy": {
      "inputs": {
        "flake-utils": "flake-utils_5",
        "nixpkgs": [
          "nixpkgs"
        ],
        "rust-overlay": "rust-overlay_3"
      },
      "locked": {
        "lastModified": 1787123634,
        "narHash": "sha256-5O0s1h/e5XciyFKvzZGzWTZhX2YW8UzJV4qbJoh3Yfg=",
        "owner": "iff",
        "repo": "osh-oxy",
        "rev": "5293572d47fc8ba4bb58a2d4d97b30c3790a009d",
        "type": "github"
      },
      "original": {
        "owner": "iff",
        "repo": "osh-oxy",
        "type": "github"
      }
    },
    "pyproject-build-systems": {
      "inputs": {
        "nixpkgs": [
          "ltstatus",
          "nixpkgs"
        ],
        "pyproject-nix": [
          "ltstatus",
          "pyproject-nix"
        ],
        "uv2nix": [
          "ltstatus",
          "uv2nix"
        ]
      },
      "locked": {
        "lastModified": 1785730568,
        "narHash": "sha256-NjSPsgjJ7MSpBtTkUcmNhRe6AFZ96+zsca2M8YuQi8Y=",
        "owner": "pyproject-nix",
        "repo": "build-system-pkgs",
        "rev": "90fde00db3687922d39d95fc591475fd0bbbcd72",
        "type": "github"
      },
      "original": {
        "owner": "pyproject-nix",
        "repo": "build-system-pkgs",
        "type": "github"
      }
    },
    "pyproject-nix": {
      "inputs": {
        "nixpkgs": [
          "ltstatus",
          "nixpkgs"
        ]
      },
      "locked": {
        "lastModified": 1786031528,
        "narHash": "sha256-cROiHKO3UbIKqF5FG5NikvydzlfIj4EcR1Cty9qOVt4=",
        "owner": "pyproject-nix",
        "repo": "pyproject.nix",
        "rev": "1b1485546d85f6f6c7aadb10c4923dbc09633263",
        "type": "github"
      },
      "original": {
        "owner": "pyproject-nix",
        "repo": "pyproject.nix",
        "type": "github"
      }
    },
    "root": {
      "inputs": {
        "flake-utils": "flake-utils",
        "home-manager": "home-manager",
        "iff-dwm": "iff-dwm",
        "iff-helix": "iff-helix",
        "ltstatus": "ltstatus",
        "nd": "nd",
        "nihilistic-nvim": "nihilistic-nvim",
        "nixpkgs": "nixpkgs_4",
        "osh-oxy": "osh-oxy",
        "zsh-syntax-highlighting": "zsh-syntax-highlighting"
      }
    },
    "rust-overlay": {
      "inputs": {
        "nixpkgs": [
          "iff-helix",
          "nixpkgs"
        ]
      },
      "locked": {
        "lastModified": 1775358767,
        "narHash": "sha256-f2eC+WIfhjevCPQILuV08i/kmKZzYZpUvkom/33VxCA=",
        "owner": "oxalica",
        "repo": "rust-overlay",
        "rev": "20fd44bc663daa53a2575e01293e24e681d62244",
        "type": "github"
      },
      "original": {
        "owner": "oxalica",
        "repo": "rust-overlay",
        "type": "github"
      }
    },
    "rust-overlay_2": {
      "inputs": {
        "nixpkgs": [
          "nd",
          "nixpkgs"
        ]
      },
      "locked": {
        "lastModified": 1785993740,
        "narHash": "sha256-naSJ+p7zkIT2hHNSJkhxiPZlmVRgE3UdODinMM7rpD8=",
        "owner": "oxalica",
        "repo": "rust-overlay",
        "rev": "3d1b34a12a26be073f7ae67165a6b61229ca6025",
        "type": "github"
      },
      "original": {
        "owner": "oxalica",
        "repo": "rust-overlay",
        "type": "github"
      }
    },
    "rust-overlay_3": {
      "inputs": {
        "nixpkgs": "nixpkgs_5"
      },
      "locked": {
        "lastModified": 1775358767,
        "narHash": "sha256-f2eC+WIfhjevCPQILuV08i/kmKZzYZpUvkom/33VxCA=",
        "owner": "oxalica",
        "repo": "rust-overlay",
        "rev": "20fd44bc663daa53a2575e01293e24e681d62244",
        "type": "github"
      },
      "original": {
        "owner": "oxalica",
        "repo": "rust-overlay",
        "type": "github"
      }
    },
    "systems": {
      "locked": {
        "lastModified": 1681028828,
        "narHash": "sha256-Vy1rq5AaRuLzOxct8nz4T6wlgyUR7zLU309k9mBC768=",
        "owner": "nix-systems",
        "repo": "default",
        "rev": "da67096a3b9bf56a91d16901293e51ba5b49a27e",
        "type": "github"
      },
      "original": {
        "owner": "nix-systems",
        "repo": "default",
        "type": "github"
      }
    },
    "systems_2": {
      "locked": {
        "lastModified": 1681028828,
        "narHash": "sha256-Vy1rq5AaRuLzOxct8nz4T6wlgyUR7zLU309k9mBC768=",
        "owner": "nix-systems",
        "repo": "default",
        "rev": "da67096a3b9bf56a91d16901293e51ba5b49a27e",
        "type": "github"
      },
      "original": {
        "owner": "nix-systems",
        "repo": "default",
        "type": "github"
      }
    },
    "systems_3": {
      "locked": {
        "lastModified": 1681028828,
        "narHash": "sha256-Vy1rq5AaRuLzOxct8nz4T6wlgyUR7zLU309k9mBC768=",
        "owner": "nix-systems",
        "repo": "default",
        "rev": "da67096a3b9bf56a91d16901293e51ba5b49a27e",
        "type": "github"
      },
      "original": {
        "owner": "nix-systems",
        "repo": "default",
        "type": "github"
      }
    },
    "systems_4": {
      "locked": {
        "lastModified": 1681028828,
        "narHash": "sha256-Vy1rq5AaRuLzOxct8nz4T6wlgyUR7zLU309k9mBC768=",
        "owner": "nix-systems",
        "repo": "default",
        "rev": "da67096a3b9bf56a91d16901293e51ba5b49a27e",
        "type": "github"
      },
      "original": {
        "owner": "nix-systems",
        "repo": "default",
        "type": "github"
      }
    },
    "systems_5": {
      "locked": {
        "lastModified": 1681028828,
        "narHash": "sha256-Vy1rq5AaRuLzOxct8nz4T6wlgyUR7zLU309k9mBC768=",
        "owner": "nix-systems",
        "repo": "default",
        "rev": "da67096a3b9bf56a91d16901293e51ba5b49a27e",
        "type": "github"
      },
      "original": {
        "owner": "nix-systems",
        "repo": "default",
        "type": "github"
      }
    },
    "tree-sitter-lean": {
      "flake": false,
      "locked": {
        "lastModified": 1784539032,
        "narHash": "sha256-y7KpMnnv8NuUXC9EiqwwflDHMYwXtR0voLfDpdN7614=",
        "owner": "Julian",
        "repo": "tree-sitter-lean",
        "rev": "86c2bcb379fe0b2ad13d8b3411400deff75b2785",
        "type": "github"
      },
      "original": {
        "owner": "Julian",
        "repo": "tree-sitter-lean",
        "type": "github"
      }
    },
    "uv2nix": {
      "inputs": {
        "nixpkgs": [
          "ltstatus",
          "nixpkgs"
        ],
        "pyproject-nix": [
          "ltstatus",
          "pyproject-nix"
        ]
      },
      "locked": {
        "lastModified": 1786026603,
        "narHash": "sha256-payw8w/aqR/Vr7LvDp14jxa5egFrZN7g8INsPzn7rN0=",
        "owner": "pyproject-nix",
        "repo": "uv2nix",
        "rev": "0dfa8388dc855b1774f509725d8ea6806291571d",
        "type": "github"
      },
      "original": {
        "owner": "pyproject-nix",
        "repo": "uv2nix",
        "type": "github"
      }
    },
    "zsh-syntax-highlighting": {
      "flake": false,
      "locked": {
        "lastModified": 1787365145,
        "narHash": "sha256-d/io9jvBn6XuSPWQia4OPWDwZRS8Pt74XG9VWqIYFFw=",
        "owner": "zsh-users",
        "repo": "zsh-syntax-highlighting",
        "rev": "2fc57d63067c18b1100ecdbf684fa5baf49459d1",
        "type": "github"
      },
      "original": {
        "owner": "zsh-users",
        "repo": "zsh-syntax-highlighting",
        "type": "github"
      }
    }
  },
  "root": "root",
  "version": 7
}
